
Microsoft Visual Studio Solution File, Format Version 12.00
# Visual Studio 14
VisualStudioVersion = 14.0.25420.1
MinimumVisualStudioVersion = 10.0.40219.1
Project("{FAE04EC0-301F-11D3-BF4B-00C04F79EFBC}") = "RegistrationSystem", "RegistrationSystem\RegistrationSystem.csproj", "{0191753C-46AC-40BB-9388-E8572BBBAE4C}"
EndProject
Project("{FAE04EC0-301F-11D3-BF4B-00C04F79EFBC}") = "RegistrationSystemTest", "RegistrationSystemTest\RegistrationSystemTest.csproj", "{47D5F324-1745-4165-BEF4-A5D05568C820}"
EndProject
Global
	GlobalSection(SolutionConfigurationPlatforms) = preSolution
		Debug|Any CPU = Debug|Any CPU
		Release|Any CPU = Release|Any CPU
	EndGlobalSection
	GlobalSection(ProjectConfigurationPlatforms) = postSolution
		{0191753C-46AC-40BB-9388-E8572BBBAE4C}.Debug|Any CPU.ActiveCfg = Debug|Any CPU
		{0191753C-46AC-40BB-9388-E8572BBBAE4C}.Debug|Any CPU.Build.0 = Debug|Any CPU
		{0191753C-46AC-40BB-9388-E8572BBBAE4C}.Release|Any CPU.ActiveCfg = Release|Any CPU
		{0191753C-46AC-40BB-9388-E8572BBBAE4C}.Release|Any CPU.Build.0 = Release|Any CPU
		{47D5F324-1745-4165-BEF4-A5D05568C820}.Debug|Any CPU.ActiveCfg = Debug|Any CPU
		{47D5F324-1745-4165-BEF4-A5D05568C820}.Debug|Any CPU.Build.0 = Debug|Any CPU
		{47D5F324-1745-4165-BEF4-A5D05568C820}.Release|Any CPU.ActiveCfg = Release|Any CPU
		{47D5F324-1745-4165-BEF4-A5D05568C820}.Release|Any CPU.Build.0 = Release|Any CPU
	EndGlobalSection
	GlobalSection(SolutionProperties) = preSolution
		HideSolutionNode = FALSE
	EndGlobalSection
EndGlobal
